
Microsoft Visual Studio Solution File, Format Version 12.00
Project("{FAE04EC0-301F-11D3-BF4B-00C04F79EFBC}") = "SecurePanelAPI", "SecurePanelAPI\SecurePanelAPI.csproj", "{D75E207D-F128-422D-9BA3-E7F64DC43E7C}"
EndProject
Project("{FAE04EC0-301F-11D3-BF4B-00C04F79EFBC}") = "SecurePanelModels", "SecurePanelModels\SecurePanelModels.csproj", "{FB135B86-477E-4BE8-9831-64AF0DB53F5D}"
EndProject
Project("{FAE04EC0-301F-11D3-BF4B-00C04F79EFBC}") = "ReolinkAPI", "ReolinkAPI\ReolinkAPI.csproj", "{F46346D0-33B2-4590-92BB-F0C8567261C8}"
EndProject
Project("{FAE04EC0-301F-11D3-BF4B-00C04F79EFBC}") = "SecurePanelDb", "SecurePanelDb\SecurePanelDb.csproj", "{985A54DE-D854-476B-AAB3-8FAEF3D26DB9}"
EndProject
Project("{2150E333-8FDC-42A3-9474-1A3956D46DE8}") = "SolutionItems", "SolutionItems", "{0B266747-0DA1-4D8B-9303-220A15A01E1E}"
	ProjectSection(SolutionItems) = preProject
		Dockerfile = Dockerfile
		docker-compose.yaml = docker-compose.yaml
		.github\docker-build.yml = .github\docker-build.yml
	EndProjectSection
EndProject
Global
	GlobalSection(SolutionConfigurationPlatforms) = preSolution
		Debug|Any CPU = Debug|Any CPU
		Release|Any CPU = Release|Any CPU
	EndGlobalSection
	GlobalSection(ProjectConfigurationPlatforms) = postSolution
		{D75E207D-F128-422D-9BA3-E7F64DC43E7C}.Debug|Any CPU.ActiveCfg = Debug|Any CPU
		{D75E207D-F128-422D-9BA3-E7F64DC43E7C}.Debug|Any CPU.Build.0 = Debug|Any CPU
		{D75E207D-F128-422D-9BA3-E7F64DC43E7C}.Release|Any CPU.ActiveCfg = Release|Any CPU
		{D75E207D-F128-422D-9BA3-E7F64DC43E7C}.Release|Any CPU.Build.0 = Release|Any CPU
		{FB135B86-477E-4BE8-9831-64AF0DB53F5D}.Debug|Any CPU.ActiveCfg = Debug|Any CPU
		{FB135B86-477E-4BE8-9831-64AF0DB53F5D}.Debug|Any CPU.Build.0 = Debug|Any CPU
		{FB135B86-477E-4BE8-9831-64AF0DB53F5D}.Release|Any CPU.ActiveCfg = Release|Any CPU
		{FB135B86-477E-4BE8-9831-64AF0DB53F5D}.Release|Any CPU.Build.0 = Release|Any CPU
		{F46346D0-33B2-4590-92BB-F0C8567261C8}.Debug|Any CPU.ActiveCfg = Debug|Any CPU
		{F46346D0-33B2-4590-92BB-F0C8567261C8}.Debug|Any CPU.Build.0 = Debug|Any CPU
		{F46346D0-33B2-4590-92BB-F0C8567261C8}.Release|Any CPU.ActiveCfg = Release|Any CPU
		{F46346D0-33B2-4590-92BB-F0C8567261C8}.Release|Any CPU.Build.0 = Release|Any CPU
		{985A54DE-D854-476B-AAB3-8FAEF3D26DB9}.Debug|Any CPU.ActiveCfg = Debug|Any CPU
		{985A54DE-D854-476B-AAB3-8FAEF3D26DB9}.Debug|Any CPU.Build.0 = Debug|Any CPU
		{985A54DE-D854-476B-AAB3-8FAEF3D26DB9}.Release|Any CPU.ActiveCfg = Release|Any CPU
		{985A54DE-D854-476B-AAB3-8FAEF3D26DB9}.Release|Any CPU.Build.0 = Release|Any CPU
	EndGlobalSection
EndGlobal
